# Versión (vintage) de cada dataset que alimenta la publicación vigente.
# Lo actualiza `obs lock`; su historial en git es el historial de datos del observatorio.
datasets:
  cepal_pobreza:
    vintage: 2026-10-07T051904Z
    content_sha256: 199721d97da19c16aaa0ab5f1713c00b1f794cac1f49da4700fecf361375cf51
    retrieved_at: '2026-10-07T05:19:04Z'
    source_declared_version: null
    validation_status: ok
  fmi_weo:
    vintage: 2026-10-06T233726Z
    content_sha256: d20c629f0cae4d8f827bdd1f041dac1da8c52b7e15cd33697415cb7befdc11c1
    retrieved_at: '2026-10-06T23:37:26Z'
    source_declared_version: '2026-04-14T13:00:00Z'
    validation_status: ok
  inegi_homicidios:
    vintage: 2026-10-06T233610Z
    content_sha256: 7d0d206760fe2b7ca3a28758b9cf40c8264308318e0a875d8e0ed97b55787976
    retrieved_at: '2026-10-06T23:36:10Z'
    source_declared_version: null
    validation_status: ok
  inegi_pm:
    vintage: 2026-10-06T233506Z
    content_sha256: 5091169f92019c33860cf1df5cfcf1a5dffb969569b5575e37ca4c0f7dd5f763
    retrieved_at: '2026-10-06T23:35:06Z'
    source_declared_version: null
    validation_status: ok
  inegi_poblacion:
    vintage: 2026-10-07T051909Z
    content_sha256: f5057e263d5d41cdee4857e04e6bee17b9dae40be914aa3d67b2ebaf9afc0a33
    retrieved_at: '2026-10-07T05:19:09Z'
    source_declared_version: null
    validation_status: ok
  onu_wpp_prob:
    vintage: 2026-10-06T233728Z
    content_sha256: 3a55d9e2498f26040c8a50f35f7bc8dd1ad5f1f168906bbb0bc2f3a27a8a1196
    retrieved_at: '2026-10-06T23:37:28Z'
    source_declared_version: null
    validation_status: ok
  rnpdno:
    vintage: 2026-10-07T052011Z
    content_sha256: 98235801c1872e3a0c5f10e124ed8c6585f0850ab382c7b4056de71505b206c7
    retrieved_at: '2026-10-07T05:20:11Z'
    source_declared_version: null
    validation_status: ok
  sesnsp_victimas:
    vintage: 2026-10-07T052014Z
    content_sha256: e542505ce04fe75ca08557cbd77fd2da96b0e22f42939f6a3ecf15ff93c105bd
    retrieved_at: '2026-10-07T05:20:14Z'
    source_declared_version: null
    validation_status: ok
  wb_pip:
    vintage: 2026-10-06T233505Z
    content_sha256: 25370ffe53d396fc33bd25ed0515f860c6643a810fd91461f3a7a975855371d7
    retrieved_at: '2026-10-06T23:35:05Z'
    source_declared_version: null
    validation_status: ok
  wb_wdi:
    vintage: 2026-10-06T233502Z
    content_sha256: efd80c0e78b579601afeb1d62aba6a510fbc85fa90922143962e42463777fde6
    retrieved_at: '2026-10-06T23:35:02Z'
    source_declared_version: '2026-07-13'
    validation_status: ok
  wid:
    vintage: 2026-10-06T233603Z
    content_sha256: 8699d648b2a3c4d0fab07279ec54835b6b55c3562b1835c3166c0d295f402509
    retrieved_at: '2026-10-06T23:36:03Z'
    source_declared_version: Wed, 09 Sep 2026 14:06:24 GMT
    validation_status: ok
