# Versión (vintage) de cada dataset que alimenta la publicación vigente.
# Lo actualiza `obs lock`; su historial en git es el historial de datos del observatorio.
datasets:
  cepal_pobreza:
    vintage: 2026-10-06T062035Z
    content_sha256: 472d6598295719b995fd72ed919f580e4b40218d1cdbb9d06f3200e7351b2eea
    retrieved_at: '2026-10-06T06:20:35Z'
    source_declared_version: null
    validation_status: ok
  fmi_weo:
    vintage: 2026-10-03T041958Z
    content_sha256: d20c629f0cae4d8f827bdd1f041dac1da8c52b7e15cd33697415cb7befdc11c1
    retrieved_at: '2026-10-03T04:19:58Z'
    source_declared_version: '2026-04-14T13:00:00Z'
    validation_status: ok
  inegi_pm:
    vintage: 2026-10-06T045635Z
    content_sha256: 5091169f92019c33860cf1df5cfcf1a5dffb969569b5575e37ca4c0f7dd5f763
    retrieved_at: '2026-10-06T04:56:35Z'
    source_declared_version: null
    validation_status: ok
  onu_wpp_prob:
    vintage: 2026-10-03T043413Z
    content_sha256: 3a55d9e2498f26040c8a50f35f7bc8dd1ad5f1f168906bbb0bc2f3a27a8a1196
    retrieved_at: '2026-10-03T04:34:13Z'
    source_declared_version: null
    validation_status: ok
  wb_pip:
    vintage: 2026-10-05T180317Z
    content_sha256: 25370ffe53d396fc33bd25ed0515f860c6643a810fd91461f3a7a975855371d7
    retrieved_at: '2026-10-05T18:03:17Z'
    source_declared_version: null
    validation_status: ok
  wb_wdi:
    vintage: 2026-10-03T043707Z
    content_sha256: 01b3c10fa62f796dffdc607fefa3c5e0bfc64c90f7d7da2480c018327fcebd7d
    retrieved_at: '2026-10-03T04:37:07Z'
    source_declared_version: '2026-07-13'
    validation_status: ok
  wid:
    vintage: 2026-10-06T051513Z
    content_sha256: 8699d648b2a3c4d0fab07279ec54835b6b55c3562b1835c3166c0d295f402509
    retrieved_at: '2026-10-06T05:15:13Z'
    source_declared_version: Wed, 09 Sep 2026 14:06:24 GMT
    validation_status: ok
